
Microsoft Visual Studio Solution File, Format Version 12.00
# Visual Studio Version 17
VisualStudioVersion = 17.9.34728.123
MinimumVisualStudioVersion = 10.0.40219.1
Project("{9A19103F-16F7-4668-BE54-9A1E7A4F7556}") = "ClassLibrary", "Lopez.Agustin\ClassLibrary.csproj", "{6B203ADD-49C0-4E28-ACB4-9A62E621FEB7}"
EndProject
Project("{FAE04EC0-301F-11D3-BF4B-00C04F79EFBC}") = "WinForm", "WinForm\WinForm.csproj", "{D46E0E8A-8FA3-4DB8-AB63-C12B4899481F}"
EndProject
Global
	GlobalSection(SolutionConfigurationPlatforms) = preSolution
		Debug|Any CPU = Debug|Any CPU
		Release|Any CPU = Release|Any CPU
	EndGlobalSection
	GlobalSection(ProjectConfigurationPlatforms) = postSolution
		{6B203ADD-49C0-4E28-ACB4-9A62E621FEB7}.Debug|Any CPU.ActiveCfg = Debug|Any CPU
		{6B203ADD-49C0-4E28-ACB4-9A62E621FEB7}.Debug|Any CPU.Build.0 = Debug|Any CPU
		{6B203ADD-49C0-4E28-ACB4-9A62E621FEB7}.Release|Any CPU.ActiveCfg = Release|Any CPU
		{6B203ADD-49C0-4E28-ACB4-9A62E621FEB7}.Release|Any CPU.Build.0 = Release|Any CPU
		{D46E0E8A-8FA3-4DB8-AB63-C12B4899481F}.Debug|Any CPU.ActiveCfg = Debug|Any CPU
		{D46E0E8A-8FA3-4DB8-AB63-C12B4899481F}.Debug|Any CPU.Build.0 = Debug|Any CPU
		{D46E0E8A-8FA3-4DB8-AB63-C12B4899481F}.Release|Any CPU.ActiveCfg = Release|Any CPU
		{D46E0E8A-8FA3-4DB8-AB63-C12B4899481F}.Release|Any CPU.Build.0 = Release|Any CPU
	EndGlobalSection
	GlobalSection(SolutionProperties) = preSolution
		HideSolutionNode = FALSE
	EndGlobalSection
	GlobalSection(ExtensibilityGlobals) = postSolution
		SolutionGuid = {67C882DD-E01A-4F66-AFBE-D4867F52F60A}
	EndGlobalSection
EndGlobal
